// !$*UTF8*$!
{
	archiveVersion = 1;
	classes = {
	};
	objectVersion = 56;
	objects = {

/* Begin PBXBuildFile section */
		1E2C22F62D7434BA000F2FD5 /* SearchNumbersSheet.swift in Sources */ = {isa = PBXBuildFile; fileRef = 1E2C22F52D7434BA000F2FD5 /* SearchNumbersSheet.swift */; };
		1E2C22F72D7434BA000F2FD5 /* SearchNumbersSheet.swift in Sources */ = {isa = PBXBuildFile; fileRef = 1E2C22F52D7434BA000F2FD5 /* SearchNumbersSheet.swift */; };
		1E2C22F82D7434BA000F2FD5 /* SearchNumbersSheet.swift in Sources */ = {isa = PBXBuildFile; fileRef = 1E2C22F52D7434BA000F2FD5 /* SearchNumbersSheet.swift */; };
		1E2C22FA2D743B03000F2FD5 /* GenerateNumbersView.swift in Sources */ = {isa = PBXBuildFile; fileRef = 1E2C22F92D743B03000F2FD5 /* GenerateNumbersView.swift */; };
		1E2C22FB2D743B03000F2FD5 /* GenerateNumbersView.swift in Sources */ = {isa = PBXBuildFile; fileRef = 1E2C22F92D743B03000F2FD5 /* GenerateNumbersView.swift */; };
		1E2C22FC2D743B03000F2FD5 /* GenerateNumbersView.swift in Sources */ = {isa = PBXBuildFile; fileRef = 1E2C22F92D743B03000F2FD5 /* GenerateNumbersView.swift */; };
		1EE51C6E2D7104DD0032BE5E /* Lotto_StatsUITests.swift in Sources */ = {isa = PBXBuildFile; fileRef = 1EE51C6D2D7104DD0032BE5E /* Lotto_StatsUITests.swift */; };
		1EE51C702D7104DD0032BE5E /* Lotto_StatsUITestsLaunchTests.swift in Sources */ = {isa = PBXBuildFile; fileRef = 1EE51C6F2D7104DD0032BE5E /* Lotto_StatsUITestsLaunchTests.swift */; };
		1EE51D282D7109020032BE5E /* Preview Assets.xcassets in Resources */ = {isa = PBXBuildFile; fileRef = 1EE51CF32D7109020032BE5E /* Preview Assets.xcassets */; };
		1EE51D292D7109020032BE5E /* Preview Assets.xcassets in Resources */ = {isa = PBXBuildFile; fileRef = 1EE51CF32D7109020032BE5E /* Preview Assets.xcassets */; };
		1EE51D2A2D7109020032BE5E /* Preview Assets.xcassets in Resources */ = {isa = PBXBuildFile; fileRef = 1EE51CF32D7109020032BE5E /* Preview Assets.xcassets */; };
		1EE51D2B2D7109020032BE5E /* NetworkService.swift in Sources */ = {isa = PBXBuildFile; fileRef = 1EE51CF52D7109020032BE5E /* NetworkService.swift */; };
		1EE51D2C2D7109020032BE5E /* NetworkService.swift in Sources */ = {isa = PBXBuildFile; fileRef = 1EE51CF52D7109020032BE5E /* NetworkService.swift */; };
		1EE51D2D2D7109020032BE5E /* NetworkService.swift in Sources */ = {isa = PBXBuildFile; fileRef = 1EE51CF52D7109020032BE5E /* NetworkService.swift */; };
		1EE51D3A2D7109020032BE5E /* Assets.xcassets in Resources */ = {isa = PBXBuildFile; fileRef = 1EE51CFE2D7109020032BE5E /* Assets.xcassets */; };
		1EE51D3B2D7109020032BE5E /* Assets.xcassets in Resources */ = {isa = PBXBuildFile; fileRef = 1EE51CFE2D7109020032BE5E /* Assets.xcassets */; };
		1EE51D3C2D7109020032BE5E /* Assets.xcassets in Resources */ = {isa = PBXBuildFile; fileRef = 1EE51CFE2D7109020032BE5E /* Assets.xcassets */; };
		1EE51D752D7109A20032BE5E /* LotteryModels.swift in Sources */ = {isa = PBXBuildFile; fileRef = 1EE51D742D7109A20032BE5E /* LotteryModels.swift */; };
		1EE51D762D7109A20032BE5E /* LotteryModels.swift in Sources */ = {isa = PBXBuildFile; fileRef = 1EE51D742D7109A20032BE5E /* LotteryModels.swift */; };
		1EE51D772D7109A20032BE5E /* LotteryModels.swift in Sources */ = {isa = PBXBuildFile; fileRef = 1EE51D742D7109A20032BE5E /* LotteryModels.swift */; };
		1EE51DA92D7109EB0032BE5E /* Lotto_StatsApp.swift in Sources */ = {isa = PBXBuildFile; fileRef = 1EE51DA82D7109EB0032BE5E /* Lotto_StatsApp.swift */; };
		1EE51DAA2D7109EB0032BE5E /* Lotto_StatsApp.swift in Sources */ = {isa = PBXBuildFile; fileRef = 1EE51DA82D7109EB0032BE5E /* Lotto_StatsApp.swift */; };
		1EE51DAB2D7109EB0032BE5E /* Lotto_StatsApp.swift in Sources */ = {isa = PBXBuildFile; fileRef = 1EE51DA82D7109EB0032BE5E /* Lotto_StatsApp.swift */; };
		1EE51DB92D710A3E0032BE5E /* LotteryView.swift in Sources */ = {isa = PBXBuildFile; fileRef = 1EE51DB82D710A3E0032BE5E /* LotteryView.swift */; };
		1EE51DBA2D710A3E0032BE5E /* LotteryView.swift in Sources */ = {isa = PBXBuildFile; fileRef = 1EE51DB82D710A3E0032BE5E /* LotteryView.swift */; };
		1EE51DBB2D710A3E0032BE5E /* LotteryView.swift in Sources */ = {isa = PBXBuildFile; fileRef = 1EE51DB82D710A3E0032BE5E /* LotteryView.swift */; };
		1EE51DBE2D710A4A0032BE5E /* NumberGrid.swift in Sources */ = {isa = PBXBuildFile; fileRef = 1EE51DBC2D710A4A0032BE5E /* NumberGrid.swift */; };
		1EE51DBF2D710A4A0032BE5E /* NumberGrid.swift in Sources */ = {isa = PBXBuildFile; fileRef = 1EE51DBC2D710A4A0032BE5E /* NumberGrid.swift */; };
		1EE51DC02D710A4A0032BE5E /* NumberGrid.swift in Sources */ = {isa = PBXBuildFile; fileRef = 1EE51DBC2D710A4A0032BE5E /* NumberGrid.swift */; };
		1EE51DC12D710A4A0032BE5E /* FrequencyChart.swift in Sources */ = {isa = PBXBuildFile; fileRef = 1EE51DBD2D710A4A0032BE5E /* FrequencyChart.swift */; };
		1EE51DC22D710A4A0032BE5E /* FrequencyChart.swift in Sources */ = {isa = PBXBuildFile; fileRef = 1EE51DBD2D710A4A0032BE5E /* FrequencyChart.swift */; };
		1EE51DC32D710A4A0032BE5E /* FrequencyChart.swift in Sources */ = {isa = PBXBuildFile; fileRef = 1EE51DBD2D710A4A0032BE5E /* FrequencyChart.swift */; };
		1EE51DC52D710A5B0032BE5E /* LotteryViewModel.swift in Sources */ = {isa = PBXBuildFile; fileRef = 1EE51DC42D710A5B0032BE5E /* LotteryViewModel.swift */; };
		1EE51DC62D710A5B0032BE5E /* LotteryViewModel.swift in Sources */ = {isa = PBXBuildFile; fileRef = 1EE51DC42D710A5B0032BE5E /* LotteryViewModel.swift */; };
		1EE51DC72D710A5B0032BE5E /* LotteryViewModel.swift in Sources */ = {isa = PBXBuildFile; fileRef = 1EE51DC42D710A5B0032BE5E /* LotteryViewModel.swift */; };
		1EE51DCF2D710A720032BE5E /* Lotto_StatsTests.swift in Sources */ = {isa = PBXBuildFile; fileRef = 1EE51DC92D710A720032BE5E /* Lotto_StatsTests.swift */; };
		1EE51E152D7132C90032BE5E /* LotteryResultView.swift in Sources */ = {isa = PBXBuildFile; fileRef = 1EE51E142D7132C90032BE5E /* LotteryResultView.swift */; };
		1EE51E162D7132C90032BE5E /* LotteryResultView.swift in Sources */ = {isa = PBXBuildFile; fileRef = 1EE51E142D7132C90032BE5E /* LotteryResultView.swift */; };
		1EE51E172D7132C90032BE5E /* LotteryResultView.swift in Sources */ = {isa = PBXBuildFile; fileRef = 1EE51E142D7132C90032BE5E /* LotteryResultView.swift */; };
		1EE51E192D7138410032BE5E /* LatestNumbersView.swift in Sources */ = {isa = PBXBuildFile; fileRef = 1EE51E182D7138410032BE5E /* LatestNumbersView.swift */; };
		1EE51E1A2D7138410032BE5E /* LatestNumbersView.swift in Sources */ = {isa = PBXBuildFile; fileRef = 1EE51E182D7138410032BE5E /* LatestNumbersView.swift */; };
		1EE51E1B2D7138410032BE5E /* LatestNumbersView.swift in Sources */ = {isa = PBXBuildFile; fileRef = 1EE51E182D7138410032BE5E /* LatestNumbersView.swift */; };
		1EE51E1D2D713B110032BE5E /* FrequencyChartsView.swift in Sources */ = {isa = PBXBuildFile; fileRef = 1EE51E1C2D713B110032BE5E /* FrequencyChartsView.swift */; };
		1EE51E1E2D713B110032BE5E /* FrequencyChartsView.swift in Sources */ = {isa = PBXBuildFile; fileRef = 1EE51E1C2D713B110032BE5E /* FrequencyChartsView.swift */; };
		1EE51E1F2D713B110032BE5E /* FrequencyChartsView.swift in Sources */ = {isa = PBXBuildFile; fileRef = 1EE51E1C2D713B110032BE5E /* FrequencyChartsView.swift */; };
/* End PBXBuildFile section */

/* Begin PBXContainerItemProxy section */
		1EE51C602D7104DD0032BE5E /* PBXContainerItemProxy */ = {
			isa = PBXContainerItemProxy;
			containerPortal = 1EE51C472D7104DC0032BE5E /* Project object */;
			proxyType = 1;
			remoteGlobalIDString = 1EE51C4E2D7104DC0032BE5E;
			remoteInfo = "Lotto Stats";
		};
		1EE51C6A2D7104DD0032BE5E /* PBXContainerItemProxy */ = {
			isa = PBXContainerItemProxy;
			containerPortal = 1EE51C472D7104DC0032BE5E /* Project object */;
			proxyType = 1;
			remoteGlobalIDString = 1EE51C4E2D7104DC0032BE5E;
			remoteInfo = "Lotto Stats";
		};
/* End PBXContainerItemProxy section */

/* Begin PBXFileReference section */
		1E2C22F52D7434BA000F2FD5 /* SearchNumbersSheet.swift */ = {isa = PBXFileReference; lastKnownFileType = sourcecode.swift; path = SearchNumbersSheet.swift; sourceTree = "<group>"; };
		1E2C22F92D743B03000F2FD5 /* GenerateNumbersView.swift */ = {isa = PBXFileReference; lastKnownFileType = sourcecode.swift; path = GenerateNumbersView.swift; sourceTree = "<group>"; };
		1EE51C4F2D7104DC0032BE5E /* Lotto Stats.app */ = {isa = PBXFileReference; explicitFileType = wrapper.application; includeInIndex = 0; path = "Lotto Stats.app"; sourceTree = BUILT_PRODUCTS_DIR; };
		1EE51C5F2D7104DD0032BE5E /* Lotto StatsTests.xctest */ = {isa = PBXFileReference; explicitFileType = wrapper.cfbundle; includeInIndex = 0; path = "Lotto StatsTests.xctest"; sourceTree = BUILT_PRODUCTS_DIR; };
		1EE51C692D7104DD0032BE5E /* Lotto StatsUITests.xctest */ = {isa = PBXFileReference; explicitFileType = wrapper.cfbundle; includeInIndex = 0; path = "Lotto StatsUITests.xctest"; sourceTree = BUILT_PRODUCTS_DIR; };
		1EE51C6D2D7104DD0032BE5E /* Lotto_StatsUITests.swift */ = {isa = PBXFileReference; lastKnownFileType = sourcecode.swift; path = Lotto_StatsUITests.swift; sourceTree = "<group>"; };
		1EE51C6F2D7104DD0032BE5E /* Lotto_StatsUITestsLaunchTests.swift */ = {isa = PBXFileReference; lastKnownFileType = sourcecode.swift; path = Lotto_StatsUITestsLaunchTests.swift; sourceTree = "<group>"; };
		1EE51CF32D7109020032BE5E /* Preview Assets.xcassets */ = {isa = PBXFileReference; lastKnownFileType = folder.assetcatalog; path = "Preview Assets.xcassets"; sourceTree = "<group>"; };
		1EE51CF52D7109020032BE5E /* NetworkService.swift */ = {isa = PBXFileReference; fileEncoding = 4; lastKnownFileType = sourcecode.swift; path = NetworkService.swift; sourceTree = "<group>"; };
		1EE51CFE2D7109020032BE5E /* Assets.xcassets */ = {isa = PBXFileReference; lastKnownFileType = folder.assetcatalog; path = Assets.xcassets; sourceTree = "<group>"; };
		1EE51D742D7109A20032BE5E /* LotteryModels.swift */ = {isa = PBXFileReference; fileEncoding = 4; lastKnownFileType = sourcecode.swift; path = LotteryModels.swift; sourceTree = "<group>"; };
		1EE51DA82D7109EB0032BE5E /* Lotto_StatsApp.swift */ = {isa = PBXFileReference; fileEncoding = 4; lastKnownFileType = sourcecode.swift; path = Lotto_StatsApp.swift; sourceTree = "<group>"; };
		1EE51DB82D710A3E0032BE5E /* LotteryView.swift */ = {isa = PBXFileReference; fileEncoding = 4; lastKnownFileType = sourcecode.swift; path = LotteryView.swift; sourceTree = "<group>"; };
		1EE51DBC2D710A4A0032BE5E /* NumberGrid.swift */ = {isa = PBXFileReference; fileEncoding = 4; lastKnownFileType = sourcecode.swift; path = NumberGrid.swift; sourceTree = "<group>"; };
		1EE51DBD2D710A4A0032BE5E /* FrequencyChart.swift */ = {isa = PBXFileReference; fileEncoding = 4; lastKnownFileType = sourcecode.swift; path = FrequencyChart.swift; sourceTree = "<group>"; };
		1EE51DC42D710A5B0032BE5E /* LotteryViewModel.swift */ = {isa = PBXFileReference; fileEncoding = 4; lastKnownFileType = sourcecode.swift; path = LotteryViewModel.swift; sourceTree = "<group>"; };
		1EE51DC92D710A720032BE5E /* Lotto_StatsTests.swift */ = {isa = PBXFileReference; fileEncoding = 4; lastKnownFileType = sourcecode.swift; path = Lotto_StatsTests.swift; sourceTree = "<group>"; };
		1EE51E142D7132C90032BE5E /* LotteryResultView.swift */ = {isa = PBXFileReference; lastKnownFileType = sourcecode.swift; path = LotteryResultView.swift; sourceTree = "<group>"; };
		1EE51E182D7138410032BE5E /* LatestNumbersView.swift */ = {isa = PBXFileReference; lastKnownFileType = sourcecode.swift; path = LatestNumbersView.swift; sourceTree = "<group>"; };
		1EE51E1C2D713B110032BE5E /* FrequencyChartsView.swift */ = {isa = PBXFileReference; lastKnownFileType = sourcecode.swift; path = FrequencyChartsView.swift; sourceTree = "<group>"; };
		1EE51E252D714D8E0032BE5E /* XCTest.framework */ = {isa = PBXFileReference; lastKnownFileType = wrapper.framework; name = XCTest.framework; path = Platforms/iPhoneOS.platform/Developer/Library/Frameworks/XCTest.framework; sourceTree = DEVELOPER_DIR; };
/* End PBXFileReference section */

/* Begin PBXFrameworksBuildPhase section */
		1EE51C4C2D7104DC0032BE5E /* Frameworks */ = {
			isa = PBXFrameworksBuildPhase;
			buildActionMask = 2147483647;
			files = (
			);
			runOnlyForDeploymentPostprocessing = 0;
		};
		1EE51C5C2D7104DD0032BE5E /* Frameworks */ = {
			isa = PBXFrameworksBuildPhase;
			buildActionMask = 2147483647;
			files = (
			);
			runOnlyForDeploymentPostprocessing = 0;
		};
		1EE51C662D7104DD0032BE5E /* Frameworks */ = {
			isa = PBXFrameworksBuildPhase;
			buildActionMask = 2147483647;
			files = (
			);
			runOnlyForDeploymentPostprocessing = 0;
		};
/* End PBXFrameworksBuildPhase section */

/* Begin PBXGroup section */
		1EE51C462D7104DC0032BE5E = {
			isa = PBXGroup;
			children = (
				1EE51D012D7109020032BE5E /* Lotto Stats */,
				1EE51C622D7104DD0032BE5E /* Lotto StatsTests */,
				1EE51C6C2D7104DD0032BE5E /* Lotto StatsUITests */,
				1EE51C502D7104DC0032BE5E /* Products */,
				1EE51E242D714D8E0032BE5E /* Frameworks */,
			);
			sourceTree = "<group>";
		};
		1EE51C502D7104DC0032BE5E /* Products */ = {
			isa = PBXGroup;
			children = (
				1EE51C4F2D7104DC0032BE5E /* Lotto Stats.app */,
				1EE51C5F2D7104DD0032BE5E /* Lotto StatsTests.xctest */,
				1EE51C692D7104DD0032BE5E /* Lotto StatsUITests.xctest */,
			);
			name = Products;
			sourceTree = "<group>";
		};
		1EE51C622D7104DD0032BE5E /* Lotto StatsTests */ = {
			isa = PBXGroup;
			children = (
				1EE51DC92D710A720032BE5E /* Lotto_StatsTests.swift */,
			);
			path = "Lotto StatsTests";
			sourceTree = "<group>";
		};
		1EE51C6C2D7104DD0032BE5E /* Lotto StatsUITests */ = {
			isa = PBXGroup;
			children = (
				1EE51C6D2D7104DD0032BE5E /* Lotto_StatsUITests.swift */,
				1EE51C6F2D7104DD0032BE5E /* Lotto_StatsUITestsLaunchTests.swift */,
			);
			path = "Lotto StatsUITests";
			sourceTree = "<group>";
		};
		1EE51CF22D7109020032BE5E /* Models */ = {
			isa = PBXGroup;
			children = (
				1EE51D742D7109A20032BE5E /* LotteryModels.swift */,
			);
			path = Models;
			sourceTree = "<group>";
		};
		1EE51CF42D7109020032BE5E /* Preview Content */ = {
			isa = PBXGroup;
			children = (
				1EE51CF32D7109020032BE5E /* Preview Assets.xcassets */,
			);
			path = "Preview Content";
			sourceTree = "<group>";
		};
		1EE51CF62D7109020032BE5E /* Services */ = {
			isa = PBXGroup;
			children = (
				1EE51CF52D7109020032BE5E /* NetworkService.swift */,
			);
			path = Services;
			sourceTree = "<group>";
		};
		1EE51CF82D7109020032BE5E /* ViewModels */ = {
			isa = PBXGroup;
			children = (
				1EE51DC42D710A5B0032BE5E /* LotteryViewModel.swift */,
			);
			path = ViewModels;
			sourceTree = "<group>";
		};
		1EE51CFB2D7109020032BE5E /* Components */ = {
			isa = PBXGroup;
			children = (
				1EE51DBD2D710A4A0032BE5E /* FrequencyChart.swift */,
				1EE51DBC2D710A4A0032BE5E /* NumberGrid.swift */,
				1EE51E142D7132C90032BE5E /* LotteryResultView.swift */,
				1EE51E182D7138410032BE5E /* LatestNumbersView.swift */,
				1EE51E1C2D713B110032BE5E /* FrequencyChartsView.swift */,
				1E2C22F52D7434BA000F2FD5 /* SearchNumbersSheet.swift */,
				1E2C22F92D743B03000F2FD5 /* GenerateNumbersView.swift */,
			);
			path = Components;
			sourceTree = "<group>";
		};
		1EE51CFD2D7109020032BE5E /* Views */ = {
			isa = PBXGroup;
			children = (
				1EE51DB82D710A3E0032BE5E /* LotteryView.swift */,
				1EE51CFB2D7109020032BE5E /* Components */,
			);
			path = Views;
			sourceTree = "<group>";
		};
		1EE51D012D7109020032BE5E /* Lotto Stats */ = {
			isa = PBXGroup;
			children = (
				1EE51CF22D7109020032BE5E /* Models */,
				1EE51CF42D7109020032BE5E /* Preview Content */,
				1EE51CF62D7109020032BE5E /* Services */,
				1EE51CF82D7109020032BE5E /* ViewModels */,
				1EE51CFD2D7109020032BE5E /* Views */,
				1EE51DA82D7109EB0032BE5E /* Lotto_StatsApp.swift */,
				1EE51CFE2D7109020032BE5E /* Assets.xcassets */,
			);
			path = "Lotto Stats";
			sourceTree = "<group>";
		};
		1EE51E242D714D8E0032BE5E /* Frameworks */ = {
			isa = PBXGroup;
			children = (
				1EE51E252D714D8E0032BE5E /* XCTest.framework */,
			);
			name = Frameworks;
			sourceTree = "<group>";
		};
/* End PBXGroup section */

/* Begin PBXNativeTarget section */
		1EE51C4E2D7104DC0032BE5E /* Lotto Stats */ = {
			isa = PBXNativeTarget;
			buildConfigurationList = 1EE51C732D7104DD0032BE5E /* Build configuration list for PBXNativeTarget "Lotto Stats" */;
			buildPhases = (
				1EE51C4B2D7104DC0032BE5E /* Sources */,
				1EE51C4C2D7104DC0032BE5E /* Frameworks */,
				1EE51C4D2D7104DC0032BE5E /* Resources */,
			);
			buildRules = (
			);
			dependencies = (
			);
			name = "Lotto Stats";
			productName = "Lotto Stats";
			productReference = 1EE51C4F2D7104DC0032BE5E /* Lotto Stats.app */;
			productType = "com.apple.product-type.application";
		};
		1EE51C5E2D7104DD0032BE5E /* Lotto StatsTests */ = {
			isa = PBXNativeTarget;
			buildConfigurationList = 1EE51C762D7104DD0032BE5E /* Build configuration list for PBXNativeTarget "Lotto StatsTests" */;
			buildPhases = (
				1EE51C5B2D7104DD0032BE5E /* Sources */,
				1EE51C5C2D7104DD0032BE5E /* Frameworks */,
				1EE51C5D2D7104DD0032BE5E /* Resources */,
			);
			buildRules = (
			);
			dependencies = (
				1EE51C612D7104DD0032BE5E /* PBXTargetDependency */,
			);
			name = "Lotto StatsTests";
			productName = "Lotto StatsTests";
			productReference = 1EE51C5F2D7104DD0032BE5E /* Lotto StatsTests.xctest */;
			productType = "com.apple.product-type.bundle.unit-test";
		};
		1EE51C682D7104DD0032BE5E /* Lotto StatsUITests */ = {
			isa = PBXNativeTarget;
			buildConfigurationList = 1EE51C792D7104DD0032BE5E /* Build configuration list for PBXNativeTarget "Lotto StatsUITests" */;
			buildPhases = (
				1EE51C652D7104DD0032BE5E /* Sources */,
				1EE51C662D7104DD0032BE5E /* Frameworks */,
				1EE51C672D7104DD0032BE5E /* Resources */,
			);
			buildRules = (
			);
			dependencies = (
				1EE51C6B2D7104DD0032BE5E /* PBXTargetDependency */,
			);
			name = "Lotto StatsUITests";
			productName = "Lotto StatsUITests";
			productReference = 1EE51C692D7104DD0032BE5E /* Lotto StatsUITests.xctest */;
			productType = "com.apple.product-type.bundle.ui-testing";
		};
/* End PBXNativeTarget section */

/* Begin PBXProject section */
		1EE51C472D7104DC0032BE5E /* Project object */ = {
			isa = PBXProject;
			attributes = {
				BuildIndependentTargetsInParallel = 1;
				LastSwiftUpdateCheck = 1540;
				LastUpgradeCheck = 1540;
				TargetAttributes = {
					1EE51C4E2D7104DC0032BE5E = {
						CreatedOnToolsVersion = 15.4;
					};
					1EE51C5E2D7104DD0032BE5E = {
						CreatedOnToolsVersion = 15.4;
						TestTargetID = 1EE51C4E2D7104DC0032BE5E;
					};
					1EE51C682D7104DD0032BE5E = {
						CreatedOnToolsVersion = 15.4;
						TestTargetID = 1EE51C4E2D7104DC0032BE5E;
					};
				};
			};
			buildConfigurationList = 1EE51C4A2D7104DC0032BE5E /* Build configuration list for PBXProject "Lotto Stats" */;
			compatibilityVersion = "Xcode 14.0";
			developmentRegion = en;
			hasScannedForEncodings = 0;
			knownRegions = (
				en,
				Base,
			);
			mainGroup = 1EE51C462D7104DC0032BE5E;
			productRefGroup = 1EE51C502D7104DC0032BE5E /* Products */;
			projectDirPath = "";
			projectRoot = "";
			targets = (
				1EE51C4E2D7104DC0032BE5E /* Lotto Stats */,
				1EE51C5E2D7104DD0032BE5E /* Lotto StatsTests */,
				1EE51C682D7104DD0032BE5E /* Lotto StatsUITests */,
			);
		};
/* End PBXProject section */

/* Begin PBXResourcesBuildPhase section */
		1EE51C4D2D7104DC0032BE5E /* Resources */ = {
			isa = PBXResourcesBuildPhase;
			buildActionMask = 2147483647;
			files = (
				1EE51D3A2D7109020032BE5E /* Assets.xcassets in Resources */,
				1EE51D282D7109020032BE5E /* Preview Assets.xcassets in Resources */,
			);
			runOnlyForDeploymentPostprocessing = 0;
		};
		1EE51C5D2D7104DD0032BE5E /* Resources */ = {
			isa = PBXResourcesBuildPhase;
			buildActionMask = 2147483647;
			files = (
				1EE51D292D7109020032BE5E /* Preview Assets.xcassets in Resources */,
				1EE51D3B2D7109020032BE5E /* Assets.xcassets in Resources */,
			);
			runOnlyForDeploymentPostprocessing = 0;
		};
		1EE51C672D7104DD0032BE5E /* Resources */ = {
			isa = PBXResourcesBuildPhase;
			buildActionMask = 2147483647;
			files = (
				1EE51D2A2D7109020032BE5E /* Preview Assets.xcassets in Resources */,
				1EE51D3C2D7109020032BE5E /* Assets.xcassets in Resources */,
			);
			runOnlyForDeploymentPostprocessing = 0;
		};
/* End PBXResourcesBuildPhase section */

/* Begin PBXSourcesBuildPhase section */
		1EE51C4B2D7104DC0032BE5E /* Sources */ = {
			isa = PBXSourcesBuildPhase;
			buildActionMask = 2147483647;
			files = (
				1EE51E192D7138410032BE5E /* LatestNumbersView.swift in Sources */,
				1EE51DC52D710A5B0032BE5E /* LotteryViewModel.swift in Sources */,
				1EE51E1D2D713B110032BE5E /* FrequencyChartsView.swift in Sources */,
				1EE51DC12D710A4A0032BE5E /* FrequencyChart.swift in Sources */,
				1EE51DA92D7109EB0032BE5E /* Lotto_StatsApp.swift in Sources */,
				1EE51DBE2D710A4A0032BE5E /* NumberGrid.swift in Sources */,
				1E2C22FA2D743B03000F2FD5 /* GenerateNumbersView.swift in Sources */,
				1EE51E152D7132C90032BE5E /* LotteryResultView.swift in Sources */,
				1E2C22F62D7434BA000F2FD5 /* SearchNumbersSheet.swift in Sources */,
				1EE51D2B2D7109020032BE5E /* NetworkService.swift in Sources */,
				1EE51D752D7109A20032BE5E /* LotteryModels.swift in Sources */,
				1EE51DB92D710A3E0032BE5E /* LotteryView.swift in Sources */,
			);
			runOnlyForDeploymentPostprocessing = 0;
		};
		1EE51C5B2D7104DD0032BE5E /* Sources */ = {
			isa = PBXSourcesBuildPhase;
			buildActionMask = 2147483647;
			files = (
				1EE51DC62D710A5B0032BE5E /* LotteryViewModel.swift in Sources */,
				1EE51D2C2D7109020032BE5E /* NetworkService.swift in Sources */,
				1E2C22F72D7434BA000F2FD5 /* SearchNumbersSheet.swift in Sources */,
				1EE51E1E2D713B110032BE5E /* FrequencyChartsView.swift in Sources */,
				1EE51DBA2D710A3E0032BE5E /* LotteryView.swift in Sources */,
				1EE51E1A2D7138410032BE5E /* LatestNumbersView.swift in Sources */,
				1E2C22FB2D743B03000F2FD5 /* GenerateNumbersView.swift in Sources */,
				1EE51DCF2D710A720032BE5E /* Lotto_StatsTests.swift in Sources */,
				1EE51DAA2D7109EB0032BE5E /* Lotto_StatsApp.swift in Sources */,
				1EE51E162D7132C90032BE5E /* LotteryResultView.swift in Sources */,
				1EE51DC22D710A4A0032BE5E /* FrequencyChart.swift in Sources */,
				1EE51DBF2D710A4A0032BE5E /* NumberGrid.swift in Sources */,
				1EE51D762D7109A20032BE5E /* LotteryModels.swift in Sources */,
			);
			runOnlyForDeploymentPostprocessing = 0;
		};
		1EE51C652D7104DD0032BE5E /* Sources */ = {
			isa = PBXSourcesBuildPhase;
			buildActionMask = 2147483647;
			files = (
				1EE51DAB2D7109EB0032BE5E /* Lotto_StatsApp.swift in Sources */,
				1EE51E1B2D7138410032BE5E /* LatestNumbersView.swift in Sources */,
				1EE51DC72D710A5B0032BE5E /* LotteryViewModel.swift in Sources */,
				1EE51C6E2D7104DD0032BE5E /* Lotto_StatsUITests.swift in Sources */,
				1EE51E1F2D713B110032BE5E /* FrequencyChartsView.swift in Sources */,
				1EE51DBB2D710A3E0032BE5E /* LotteryView.swift in Sources */,
				1EE51DC32D710A4A0032BE5E /* FrequencyChart.swift in Sources */,
				1EE51D2D2D7109020032BE5E /* NetworkService.swift in Sources */,
				1EE51D772D7109A20032BE5E /* LotteryModels.swift in Sources */,
				1EE51C702D7104DD0032BE5E /* Lotto_StatsUITestsLaunchTests.swift in Sources */,
				1EE51DC02D710A4A0032BE5E /* NumberGrid.swift in Sources */,
				1EE51E172D7132C90032BE5E /* LotteryResultView.swift in Sources */,
				1E2C22FC2D743B03000F2FD5 /* GenerateNumbersView.swift in Sources */,
				1E2C22F82D7434BA000F2FD5 /* SearchNumbersSheet.swift in Sources */,
			);
			runOnlyForDeploymentPostprocessing = 0;
		};
/* End PBXSourcesBuildPhase section */

/* Begin PBXTargetDependency section */
		1EE51C612D7104DD0032BE5E /* PBXTargetDependency */ = {
			isa = PBXTargetDependency;
			target = 1EE51C4E2D7104DC0032BE5E /* Lotto Stats */;
			targetProxy = 1EE51C602D7104DD0032BE5E /* PBXContainerItemProxy */;
		};
		1EE51C6B2D7104DD0032BE5E /* PBXTargetDependency */ = {
			isa = PBXTargetDependency;
			target = 1EE51C4E2D7104DC0032BE5E /* Lotto Stats */;
			targetProxy = 1EE51C6A2D7104DD0032BE5E /* PBXContainerItemProxy */;
		};
/* End PBXTargetDependency section */

/* Begin XCBuildConfiguration section */
		1EE51C712D7104DD0032BE5E /* Debug */ = {
			isa = XCBuildConfiguration;
			buildSettings = {
				ALWAYS_SEARCH_USER_PATHS = NO;
				ASSETCATALOG_COMPILER_GENERATE_SWIFT_ASSET_SYMBOL_EXTENSIONS = YES;
				CLANG_ANALYZER_NONNULL = YES;
				CLANG_ANALYZER_NUMBER_OBJECT_CONVERSION = YES_AGGRESSIVE;
				CLANG_CXX_LANGUAGE_STANDARD = "gnu++20";
				CLANG_ENABLE_MODULES = YES;
				CLANG_ENABLE_OBJC_ARC = YES;
				CLANG_ENABLE_OBJC_WEAK = YES;
				CLANG_WARN_BLOCK_CAPTURE_AUTORELEASING = YES;
				CLANG_WARN_BOOL_CONVERSION = YES;
				CLANG_WARN_COMMA = YES;
				CLANG_WARN_CONSTANT_CONVERSION = YES;
				CLANG_WARN_DEPRECATED_OBJC_IMPLEMENTATIONS = YES;
				CLANG_WARN_DIRECT_OBJC_ISA_USAGE = YES_ERROR;
				CLANG_WARN_DOCUMENTATION_COMMENTS = YES;
				CLANG_WARN_EMPTY_BODY = YES;
				CLANG_WARN_ENUM_CONVERSION = YES;
				CLANG_WARN_INFINITE_RECURSION = YES;
				CLANG_WARN_INT_CONVERSION = YES;
				CLANG_WARN_NON_LITERAL_NULL_CONVERSION = YES;
				CLANG_WARN_OBJC_IMPLICIT_RETAIN_SELF = YES;
				CLANG_WARN_OBJC_LITERAL_CONVERSION = YES;
				CLANG_WARN_OBJC_ROOT_CLASS = YES_ERROR;
				CLANG_WARN_QUOTED_INCLUDE_IN_FRAMEWORK_HEADER = YES;
				CLANG_WARN_RANGE_LOOP_ANALYSIS = YES;
				CLANG_WARN_STRICT_PROTOTYPES = YES;
				CLANG_WARN_SUSPICIOUS_MOVE = YES;
				CLANG_WARN_UNGUARDED_AVAILABILITY = YES_AGGRESSIVE;
				CLANG_WARN_UNREACHABLE_CODE = YES;
				CLANG_WARN__DUPLICATE_METHOD_MATCH = YES;
				COPY_PHASE_STRIP = NO;
				DEBUG_INFORMATION_FORMAT = dwarf;
				ENABLE_STRICT_OBJC_MSGSEND = YES;
				ENABLE_TESTABILITY = YES;
				ENABLE_USER_SCRIPT_SANDBOXING = YES;
				GCC_C_LANGUAGE_STANDARD = gnu17;
				GCC_DYNAMIC_NO_PIC = NO;
				GCC_NO_COMMON_BLOCKS = YES;
				GCC_OPTIMIZATION_LEVEL = 0;
				GCC_PREPROCESSOR_DEFINITIONS = (
					"DEBUG=1",
					"$(inherited)",
				);
				GCC_WARN_64_TO_32_BIT_CONVERSION = YES;
				GCC_WARN_ABOUT_RETURN_TYPE = YES_ERROR;
				GCC_WARN_UNDECLARED_SELECTOR = YES;
				GCC_WARN_UNINITIALIZED_AUTOS = YES_AGGRESSIVE;
				GCC_WARN_UNUSED_FUNCTION = YES;
				GCC_WARN_UNUSED_VARIABLE = YES;
				IPHONEOS_DEPLOYMENT_TARGET = 17.5;
				LOCALIZATION_PREFERS_STRING_CATALOGS = YES;
				MTL_ENABLE_DEBUG_INFO = INCLUDE_SOURCE;
				MTL_FAST_MATH = YES;
				ONLY_ACTIVE_ARCH = YES;
				SDKROOT = iphoneos;
				SWIFT_ACTIVE_COMPILATION_CONDITIONS = "DEBUG $(inherited)";
				SWIFT_OPTIMIZATION_LEVEL = "-Onone";
			};
			name = Debug;
		};
		1EE51C722D7104DD0032BE5E /* Release */ = {
			isa = XCBuildConfiguration;
			buildSettings = {
				ALWAYS_SEARCH_USER_PATHS = NO;
				ASSETCATALOG_COMPILER_GENERATE_SWIFT_ASSET_SYMBOL_EXTENSIONS = YES;
				CLANG_ANALYZER_NONNULL = YES;
				CLANG_ANALYZER_NUMBER_OBJECT_CONVERSION = YES_AGGRESSIVE;
				CLANG_CXX_LANGUAGE_STANDARD = "gnu++20";
				CLANG_ENABLE_MODULES = YES;
				CLANG_ENABLE_OBJC_ARC = YES;
				CLANG_ENABLE_OBJC_WEAK = YES;
				CLANG_WARN_BLOCK_CAPTURE_AUTORELEASING = YES;
				CLANG_WARN_BOOL_CONVERSION = YES;
				CLANG_WARN_COMMA = YES;
				CLANG_WARN_CONSTANT_CONVERSION = YES;
				CLANG_WARN_DEPRECATED_OBJC_IMPLEMENTATIONS = YES;
				CLANG_WARN_DIRECT_OBJC_ISA_USAGE = YES_ERROR;
				CLANG_WARN_DOCUMENTATION_COMMENTS = YES;
				CLANG_WARN_EMPTY_BODY = YES;
				CLANG_WARN_ENUM_CONVERSION = YES;
				CLANG_WARN_INFINITE_RECURSION = YES;
				CLANG_WARN_INT_CONVERSION = YES;
				CLANG_WARN_NON_LITERAL_NULL_CONVERSION = YES;
				CLANG_WARN_OBJC_IMPLICIT_RETAIN_SELF = YES;
				CLANG_WARN_OBJC_LITERAL_CONVERSION = YES;
				CLANG_WARN_OBJC_ROOT_CLASS = YES_ERROR;
				CLANG_WARN_QUOTED_INCLUDE_IN_FRAMEWORK_HEADER = YES;
				CLANG_WARN_RANGE_LOOP_ANALYSIS = YES;
				CLANG_WARN_STRICT_PROTOTYPES = YES;
				CLANG_WARN_SUSPICIOUS_MOVE = YES;
				CLANG_WARN_UNGUARDED_AVAILABILITY = YES_AGGRESSIVE;
				CLANG_WARN_UNREACHABLE_CODE = YES;
				CLANG_WARN__DUPLICATE_METHOD_MATCH = YES;
				COPY_PHASE_STRIP = NO;
				DEBUG_INFORMATION_FORMAT = "dwarf-with-dsym";
				ENABLE_NS_ASSERTIONS = NO;
				ENABLE_STRICT_OBJC_MSGSEND = YES;
				ENABLE_USER_SCRIPT_SANDBOXING = YES;
				GCC_C_LANGUAGE_STANDARD = gnu17;
				GCC_NO_COMMON_BLOCKS = YES;
				GCC_WARN_64_TO_32_BIT_CONVERSION = YES;
				GCC_WARN_ABOUT_RETURN_TYPE = YES_ERROR;
				GCC_WARN_UNDECLARED_SELECTOR = YES;
				GCC_WARN_UNINITIALIZED_AUTOS = YES_AGGRESSIVE;
				GCC_WARN_UNUSED_FUNCTION = YES;
				GCC_WARN_UNUSED_VARIABLE = YES;
				IPHONEOS_DEPLOYMENT_TARGET = 17.5;
				LOCALIZATION_PREFERS_STRING_CATALOGS = YES;
				MTL_ENABLE_DEBUG_INFO = NO;
				MTL_FAST_MATH = YES;
				SDKROOT = iphoneos;
				SWIFT_COMPILATION_MODE = wholemodule;
				VALIDATE_PRODUCT = YES;
			};
			name = Release;
		};
		1EE51C742D7104DD0032BE5E /* Debug */ = {
			isa = XCBuildConfiguration;
			buildSettings = {
				ASSETCATALOG_COMPILER_APPICON_NAME = AppIcon;
				ASSETCATALOG_COMPILER_GLOBAL_ACCENT_COLOR_NAME = AccentColor;
				CODE_SIGN_STYLE = Automatic;
				CURRENT_PROJECT_VERSION = 1;
				DEVELOPMENT_ASSET_PATHS = "\"Lotto Stats/Preview Content\"";
				DEVELOPMENT_TEAM = 49AKYU26GJ;
				ENABLE_PREVIEWS = YES;
				GENERATE_INFOPLIST_FILE = YES;
				INFOPLIST_KEY_UIApplicationSceneManifest_Generation = YES;
				INFOPLIST_KEY_UIApplicationSupportsIndirectInputEvents = YES;
				INFOPLIST_KEY_UILaunchScreen_Generation = YES;
				INFOPLIST_KEY_UISupportedInterfaceOrientations_iPad = "UIInterfaceOrientationPortrait UIInterfaceOrientationPortraitUpsideDown UIInterfaceOrientationLandscapeLeft UIInterfaceOrientationLandscapeRight";
				INFOPLIST_KEY_UISupportedInterfaceOrientations_iPhone = "UIInterfaceOrientationPortrait UIInterfaceOrientationLandscapeLeft UIInterfaceOrientationLandscapeRight";
				LD_RUNPATH_SEARCH_PATHS = (
					"$(inherited)",
					"@executable_path/Frameworks",
				);
				MARKETING_VERSION = 1.0;
				PRODUCT_BUNDLE_IDENTIFIER = "com.elkingarcia.Lotto-Stats";
				PRODUCT_NAME = "$(TARGET_NAME)";
				SWIFT_EMIT_LOC_STRINGS = YES;
				SWIFT_VERSION = 5.0;
				TARGETED_DEVICE_FAMILY = "1,2";
			};
			name = Debug;
		};
		1EE51C752D7104DD0032BE5E /* Release */ = {
			isa = XCBuildConfiguration;
			buildSettings = {
				ASSETCATALOG_COMPILER_APPICON_NAME = AppIcon;
				ASSETCATALOG_COMPILER_GLOBAL_ACCENT_COLOR_NAME = AccentColor;
				CODE_SIGN_STYLE = Automatic;
				CURRENT_PROJECT_VERSION = 1;
				DEVELOPMENT_ASSET_PATHS = "\"Lotto Stats/Preview Content\"";
				DEVELOPMENT_TEAM = 49AKYU26GJ;
				ENABLE_PREVIEWS = YES;
				GENERATE_INFOPLIST_FILE = YES;
				INFOPLIST_KEY_UIApplicationSceneManifest_Generation = YES;
				INFOPLIST_KEY_UIApplicationSupportsIndirectInputEvents = YES;
				INFOPLIST_KEY_UILaunchScreen_Generation = YES;
				INFOPLIST_KEY_UISupportedInterfaceOrientations_iPad = "UIInterfaceOrientationPortrait UIInterfaceOrientationPortraitUpsideDown UIInterfaceOrientationLandscapeLeft UIInterfaceOrientationLandscapeRight";
				INFOPLIST_KEY_UISupportedInterfaceOrientations_iPhone = "UIInterfaceOrientationPortrait UIInterfaceOrientationLandscapeLeft UIInterfaceOrientationLandscapeRight";
				LD_RUNPATH_SEARCH_PATHS = (
					"$(inherited)",
					"@executable_path/Frameworks",
				);
				MARKETING_VERSION = 1.0;
				PRODUCT_BUNDLE_IDENTIFIER = "com.elkingarcia.Lotto-Stats";
				PRODUCT_NAME = "$(TARGET_NAME)";
				SWIFT_EMIT_LOC_STRINGS = YES;
				SWIFT_VERSION = 5.0;
				TARGETED_DEVICE_FAMILY = "1,2";
			};
			name = Release;
		};
		1EE51C772D7104DD0032BE5E /* Debug */ = {
			isa = XCBuildConfiguration;
			buildSettings = {
				ALWAYS_EMBED_SWIFT_STANDARD_LIBRARIES = YES;
				BUNDLE_LOADER = "$(TEST_HOST)";
				CODE_SIGN_STYLE = Automatic;
				CURRENT_PROJECT_VERSION = 1;
				DEVELOPMENT_TEAM = 49AKYU26GJ;
				GENERATE_INFOPLIST_FILE = YES;
				IPHONEOS_DEPLOYMENT_TARGET = 17.5;
				MARKETING_VERSION = 1.0;
				PRODUCT_BUNDLE_IDENTIFIER = "com.elkingarcia.Lotto-StatsTests";
				PRODUCT_NAME = "$(TARGET_NAME)";
				SWIFT_EMIT_LOC_STRINGS = NO;
				SWIFT_VERSION = 5.0;
				TARGETED_DEVICE_FAMILY = "1,2";
				TEST_HOST = "$(BUILT_PRODUCTS_DIR)/Lotto Stats.app/$(BUNDLE_EXECUTABLE_FOLDER_PATH)/Lotto Stats";
			};
			name = Debug;
		};
		1EE51C782D7104DD0032BE5E /* Release */ = {
			isa = XCBuildConfiguration;
			buildSettings = {
				ALWAYS_EMBED_SWIFT_STANDARD_LIBRARIES = YES;
				BUNDLE_LOADER = "$(TEST_HOST)";
				CODE_SIGN_STYLE = Automatic;
				CURRENT_PROJECT_VERSION = 1;
				DEVELOPMENT_TEAM = 49AKYU26GJ;
				GENERATE_INFOPLIST_FILE = YES;
				IPHONEOS_DEPLOYMENT_TARGET = 17.5;
				MARKETING_VERSION = 1.0;
				PRODUCT_BUNDLE_IDENTIFIER = "com.elkingarcia.Lotto-StatsTests";
				PRODUCT_NAME = "$(TARGET_NAME)";
				SWIFT_EMIT_LOC_STRINGS = NO;
				SWIFT_VERSION = 5.0;
				TARGETED_DEVICE_FAMILY = "1,2";
				TEST_HOST = "$(BUILT_PRODUCTS_DIR)/Lotto Stats.app/$(BUNDLE_EXECUTABLE_FOLDER_PATH)/Lotto Stats";
			};
			name = Release;
		};
		1EE51C7A2D7104DD0032BE5E /* Debug */ = {
			isa = XCBuildConfiguration;
			buildSettings = {
				ALWAYS_EMBED_SWIFT_STANDARD_LIBRARIES = YES;
				CODE_SIGN_STYLE = Automatic;
				CURRENT_PROJECT_VERSION = 1;
				DEVELOPMENT_TEAM = 49AKYU26GJ;
				GENERATE_INFOPLIST_FILE = YES;
				MARKETING_VERSION = 1.0;
				PRODUCT_BUNDLE_IDENTIFIER = "com.elkingarcia.Lotto-StatsUITests";
				PRODUCT_NAME = "$(TARGET_NAME)";
				SWIFT_EMIT_LOC_STRINGS = NO;
				SWIFT_VERSION = 5.0;
				TARGETED_DEVICE_FAMILY = "1,2";
				TEST_TARGET_NAME = "Lotto Stats";
			};
			name = Debug;
		};
		1EE51C7B2D7104DD0032BE5E /* Release */ = {
			isa = XCBuildConfiguration;
			buildSettings = {
				ALWAYS_EMBED_SWIFT_STANDARD_LIBRARIES = YES;
				CODE_SIGN_STYLE = Automatic;
				CURRENT_PROJECT_VERSION = 1;
				DEVELOPMENT_TEAM = 49AKYU26GJ;
				GENERATE_INFOPLIST_FILE = YES;
				MARKETING_VERSION = 1.0;
				PRODUCT_BUNDLE_IDENTIFIER = "com.elkingarcia.Lotto-StatsUITests";
				PRODUCT_NAME = "$(TARGET_NAME)";
				SWIFT_EMIT_LOC_STRINGS = NO;
				SWIFT_VERSION = 5.0;
				TARGETED_DEVICE_FAMILY = "1,2";
				TEST_TARGET_NAME = "Lotto Stats";
			};
			name = Release;
		};
/* End XCBuildConfiguration section */

/* Begin XCConfigurationList section */
		1EE51C4A2D7104DC0032BE5E /* Build configuration list for PBXProject "Lotto Stats" */ = {
			isa = XCConfigurationList;
			buildConfigurations = (
				1EE51C712D7104DD0032BE5E /* Debug */,
				1EE51C722D7104DD0032BE5E /* Release */,
			);
			defaultConfigurationIsVisible = 0;
			defaultConfigurationName = Release;
		};
		1EE51C732D7104DD0032BE5E /* Build configuration list for PBXNativeTarget "Lotto Stats" */ = {
			isa = XCConfigurationList;
			buildConfigurations = (
				1EE51C742D7104DD0032BE5E /* Debug */,
				1EE51C752D7104DD0032BE5E /* Release */,
			);
			defaultConfigurationIsVisible = 0;
			defaultConfigurationName = Release;
		};
		1EE51C762D7104DD0032BE5E /* Build configuration list for PBXNativeTarget "Lotto StatsTests" */ = {
			isa = XCConfigurationList;
			buildConfigurations = (
				1EE51C772D7104DD0032BE5E /* Debug */,
				1EE51C782D7104DD0032BE5E /* Release */,
			);
			defaultConfigurationIsVisible = 0;
			defaultConfigurationName = Release;
		};
		1EE51C792D7104DD0032BE5E /* Build configuration list for PBXNativeTarget "Lotto StatsUITests" */ = {
			isa = XCConfigurationList;
			buildConfigurations = (
				1EE51C7A2D7104DD0032BE5E /* Debug */,
				1EE51C7B2D7104DD0032BE5E /* Release */,
			);
			defaultConfigurationIsVisible = 0;
			defaultConfigurationName = Release;
		};
/* End XCConfigurationList section */
	};
	rootObject = 1EE51C472D7104DC0032BE5E /* Project object */;
}
